
Microsoft Visual Studio Solution File, Format Version 12.00
# Visual Studio Version 16
VisualStudioVersion = 16.0.31613.86
MinimumVisualStudioVersion = 10.0.40219.1
Project("{FAE04EC0-301F-11D3-BF4B-00C04F79EFBC}") = "XamEFCore.Android", "XamEFCore\XamEFCore.Android\XamEFCore.Android.csproj", "{60C5C65E-6B51-4439-98AC-75DA1B90C60A}"
EndProject
Project("{FAE04EC0-301F-11D3-BF4B-00C04F79EFBC}") = "XamEFCore.iOS", "XamEFCore\XamEFCore.iOS\XamEFCore.iOS.csproj", "{AE030BA9-4937-4043-878A-4B1D3CA00EF1}"
EndProject
Project("{FAE04EC0-301F-11D3-BF4B-00C04F79EFBC}") = "XamEFCore", "XamEFCore\XamEFCore\XamEFCore.csproj", "{5F8B2ABF-3842-41C0-8795-40338F679DAA}"
EndProject
Global
	GlobalSection(SolutionConfigurationPlatforms) = preSolution
		Debug|Any CPU = Debug|Any CPU
		Debug|iPhone = Debug|iPhone
		Debug|iPhoneSimulator = Debug|iPhoneSimulator
		Release|Any CPU = Release|Any CPU
		Release|iPhone = Release|iPhone
		Release|iPhoneSimulator = Release|iPhoneSimulator
	EndGlobalSection
	GlobalSection(ProjectConfigurationPlatforms) = postSolution
		{60C5C65E-6B51-4439-98AC-75DA1B90C60A}.Debug|Any CPU.ActiveCfg = Debug|Any CPU
		{60C5C65E-6B51-4439-98AC-75DA1B90C60A}.Debug|Any CPU.Build.0 = Debug|Any CPU
		{60C5C65E-6B51-4439-98AC-75DA1B90C60A}.Debug|Any CPU.Deploy.0 = Debug|Any CPU
		{60C5C65E-6B51-4439-98AC-75DA1B90C60A}.Debug|iPhone.ActiveCfg = Debug|Any CPU
		{60C5C65E-6B51-4439-98AC-75DA1B90C60A}.Debug|iPhone.Build.0 = Debug|Any CPU
		{60C5C65E-6B51-4439-98AC-75DA1B90C60A}.Debug|iPhone.Deploy.0 = Debug|Any CPU
		{60C5C65E-6B51-4439-98AC-75DA1B90C60A}.Debug|iPhoneSimulator.ActiveCfg = Debug|Any CPU
		{60C5C65E-6B51-4439-98AC-75DA1B90C60A}.Debug|iPhoneSimulator.Build.0 = Debug|Any CPU
		{60C5C65E-6B51-4439-98AC-75DA1B90C60A}.Debug|iPhoneSimulator.Deploy.0 = Debug|Any CPU
		{60C5C65E-6B51-4439-98AC-75DA1B90C60A}.Release|Any CPU.ActiveCfg = Release|Any CPU
		{60C5C65E-6B51-4439-98AC-75DA1B90C60A}.Release|Any CPU.Build.0 = Release|Any CPU
		{60C5C65E-6B51-4439-98AC-75DA1B90C60A}.Release|Any CPU.Deploy.0 = Release|Any CPU
		{60C5C65E-6B51-4439-98AC-75DA1B90C60A}.Release|iPhone.ActiveCfg = Release|Any CPU
		{60C5C65E-6B51-4439-98AC-75DA1B90C60A}.Release|iPhone.Build.0 = Release|Any CPU
		{60C5C65E-6B51-4439-98AC-75DA1B90C60A}.Release|iPhone.Deploy.0 = Release|Any CPU
		{60C5C65E-6B51-4439-98AC-75DA1B90C60A}.Release|iPhoneSimulator.ActiveCfg = Release|Any CPU
		{60C5C65E-6B51-4439-98AC-75DA1B90C60A}.Release|iPhoneSimulator.Build.0 = Release|Any CPU
		{60C5C65E-6B51-4439-98AC-75DA1B90C60A}.Release|iPhoneSimulator.Deploy.0 = Release|Any CPU
		{AE030BA9-4937-4043-878A-4B1D3CA00EF1}.Debug|Any CPU.ActiveCfg = Debug|iPhone
		{AE030BA9-4937-4043-878A-4B1D3CA00EF1}.Debug|Any CPU.Build.0 = Debug|iPhone
		{AE030BA9-4937-4043-878A-4B1D3CA00EF1}.Debug|Any CPU.Deploy.0 = Debug|iPhone
		{AE030BA9-4937-4043-878A-4B1D3CA00EF1}.Debug|iPhone.ActiveCfg = Debug|iPhone
		{AE030BA9-4937-4043-878A-4B1D3CA00EF1}.Debug|iPhone.Build.0 = Debug|iPhone
		{AE030BA9-4937-4043-878A-4B1D3CA00EF1}.Debug|iPhone.Deploy.0 = Debug|iPhone
		{AE030BA9-4937-4043-878A-4B1D3CA00EF1}.Debug|iPhoneSimulator.ActiveCfg = Debug|iPhoneSimulator
		{AE030BA9-4937-4043-878A-4B1D3CA00EF1}.Debug|iPhoneSimulator.Build.0 = Debug|iPhoneSimulator
		{AE030BA9-4937-4043-878A-4B1D3CA00EF1}.Debug|iPhoneSimulator.Deploy.0 = Debug|iPhoneSimulator
		{AE030BA9-4937-4043-878A-4B1D3CA00EF1}.Release|Any CPU.ActiveCfg = Release|iPhoneSimulator
		{AE030BA9-4937-4043-878A-4B1D3CA00EF1}.Release|Any CPU.Build.0 = Release|iPhoneSimulator
		{AE030BA9-4937-4043-878A-4B1D3CA00EF1}.Release|Any CPU.Deploy.0 = Release|iPhoneSimulator
		{AE030BA9-4937-4043-878A-4B1D3CA00EF1}.Release|iPhone.ActiveCfg = Release|iPhone
		{AE030BA9-4937-4043-878A-4B1D3CA00EF1}.Release|iPhone.Build.0 = Release|iPhone
		{AE030BA9-4937-4043-878A-4B1D3CA00EF1}.Release|iPhone.Deploy.0 = Release|iPhone
		{AE030BA9-4937-4043-878A-4B1D3CA00EF1}.Release|iPhoneSimulator.ActiveCfg = Release|iPhoneSimulator
		{AE030BA9-4937-4043-878A-4B1D3CA00EF1}.Release|iPhoneSimulator.Build.0 = Release|iPhoneSimulator
		{AE030BA9-4937-4043-878A-4B1D3CA00EF1}.Release|iPhoneSimulator.Deploy.0 = Release|iPhoneSimulator
		{5F8B2ABF-3842-41C0-8795-40338F679DAA}.Debug|Any CPU.ActiveCfg = Debug|Any CPU
		{5F8B2ABF-3842-41C0-8795-40338F679DAA}.Debug|Any CPU.Build.0 = Debug|Any CPU
		{5F8B2ABF-3842-41C0-8795-40338F679DAA}.Debug|Any CPU.Deploy.0 = Debug|Any CPU
		{5F8B2ABF-3842-41C0-8795-40338F679DAA}.Debug|iPhone.ActiveCfg = Debug|Any CPU
		{5F8B2ABF-3842-41C0-8795-40338F679DAA}.Debug|iPhone.Build.0 = Debug|Any CPU
		{5F8B2ABF-3842-41C0-8795-40338F679DAA}.Debug|iPhone.Deploy.0 = Debug|Any CPU
		{5F8B2ABF-3842-41C0-8795-40338F679DAA}.Debug|iPhoneSimulator.ActiveCfg = Debug|Any CPU
		{5F8B2ABF-3842-41C0-8795-40338F679DAA}.Debug|iPhoneSimulator.Build.0 = Debug|Any CPU
		{5F8B2ABF-3842-41C0-8795-40338F679DAA}.Debug|iPhoneSimulator.Deploy.0 = Debug|Any CPU
		{5F8B2ABF-3842-41C0-8795-40338F679DAA}.Release|Any CPU.ActiveCfg = Release|Any CPU
		{5F8B2ABF-3842-41C0-8795-40338F679DAA}.Release|Any CPU.Build.0 = Release|Any CPU
		{5F8B2ABF-3842-41C0-8795-40338F679DAA}.Release|Any CPU.Deploy.0 = Release|Any CPU
		{5F8B2ABF-3842-41C0-8795-40338F679DAA}.Release|iPhone.ActiveCfg = Release|Any CPU
		{5F8B2ABF-3842-41C0-8795-40338F679DAA}.Release|iPhone.Build.0 = Release|Any CPU
		{5F8B2ABF-3842-41C0-8795-40338F679DAA}.Release|iPhone.Deploy.0 = Release|Any CPU
		{5F8B2ABF-3842-41C0-8795-40338F679DAA}.Release|iPhoneSimulator.ActiveCfg = Release|Any CPU
		{5F8B2ABF-3842-41C0-8795-40338F679DAA}.Release|iPhoneSimulator.Build.0 = Release|Any CPU
		{5F8B2ABF-3842-41C0-8795-40338F679DAA}.Release|iPhoneSimulator.Deploy.0 = Release|Any CPU
	EndGlobalSection
	GlobalSection(SolutionProperties) = preSolution
		HideSolutionNode = FALSE
	EndGlobalSection
	GlobalSection(ExtensibilityGlobals) = postSolution
		SolutionGuid = {29730E36-6DB6-4BA0-BBED-30C4AC5AE288}
	EndGlobalSection
EndGlobal
